
Microsoft Visual Studio Solution File, Format Version 12.00
# Visual Studio Version 16
VisualStudioVersion = 16.0.31515.178
MinimumVisualStudioVersion = 10.0.40219.1
Project("{FAE04EC0-301F-11D3-BF4B-00C04F79EFBC}") = "ConsoleAppDivide", "ConsoleAppDivide\ConsoleAppDivide.csproj", "{6AF47F52-E387-4C5E-A97D-3BADD1A48741}"
EndProject
Global
	GlobalSection(SolutionConfigurationPlatforms) = preSolution
		Debug|Any CPU = Debug|Any CPU
		Release|Any CPU = Release|Any CPU
	EndGlobalSection
	GlobalSection(ProjectConfigurationPlatforms) = postSolution
		{6AF47F52-E387-4C5E-A97D-3BADD1A48741}.Debug|Any CPU.ActiveCfg = Debug|Any CPU
		{6AF47F52-E387-4C5E-A97D-3BADD1A48741}.Debug|Any CPU.Build.0 = Debug|Any CPU
		{6AF47F52-E387-4C5E-A97D-3BADD1A48741}.Release|Any CPU.ActiveCfg = Release|Any CPU
		{6AF47F52-E387-4C5E-A97D-3BADD1A48741}.Release|Any CPU.Build.0 = Release|Any CPU
	EndGlobalSection
	GlobalSection(SolutionProperties) = preSolution
		HideSolutionNode = FALSE
	EndGlobalSection
	GlobalSection(ExtensibilityGlobals) = postSolution
		SolutionGuid = {5ABB5E53-2CE6-46C4-A5FC-A5782DD28541}
	EndGlobalSection
EndGlobal
