
Microsoft Visual Studio Solution File, Format Version 12.00
# Visual Studio Version 16
VisualStudioVersion = 16.0.31515.178
MinimumVisualStudioVersion = 10.0.40219.1
Project("{FAE04EC0-301F-11D3-BF4B-00C04F79EFBC}") = "BlackJack", "BlackJack\BlackJack.csproj", "{3A127BF4-E899-4094-9262-0C24AC44ED49}"
EndProject
Project("{FAE04EC0-301F-11D3-BF4B-00C04F79EFBC}") = "Casino", "Casino\Casino.csproj", "{67FD4C4B-B591-46FB-A014-EC80737C382F}"
EndProject
Global
	GlobalSection(SolutionConfigurationPlatforms) = preSolution
		Debug|Any CPU = Debug|Any CPU
		Release|Any CPU = Release|Any CPU
	EndGlobalSection
	GlobalSection(ProjectConfigurationPlatforms) = postSolution
		{3A127BF4-E899-4094-9262-0C24AC44ED49}.Debug|Any CPU.ActiveCfg = Debug|Any CPU
		{3A127BF4-E899-4094-9262-0C24AC44ED49}.Debug|Any CPU.Build.0 = Debug|Any CPU
		{3A127BF4-E899-4094-9262-0C24AC44ED49}.Release|Any CPU.ActiveCfg = Release|Any CPU
		{3A127BF4-E899-4094-9262-0C24AC44ED49}.Release|Any CPU.Build.0 = Release|Any CPU
		{67FD4C4B-B591-46FB-A014-EC80737C382F}.Debug|Any CPU.ActiveCfg = Debug|Any CPU
		{67FD4C4B-B591-46FB-A014-EC80737C382F}.Debug|Any CPU.Build.0 = Debug|Any CPU
		{67FD4C4B-B591-46FB-A014-EC80737C382F}.Release|Any CPU.ActiveCfg = Release|Any CPU
		{67FD4C4B-B591-46FB-A014-EC80737C382F}.Release|Any CPU.Build.0 = Release|Any CPU
	EndGlobalSection
	GlobalSection(SolutionProperties) = preSolution
		HideSolutionNode = FALSE
	EndGlobalSection
	GlobalSection(ExtensibilityGlobals) = postSolution
		SolutionGuid = {D32A14AA-41E9-4A75-A517-5AED5573C02A}
	EndGlobalSection
EndGlobal
