
Microsoft Visual Studio Solution File, Format Version 12.00
# Visual Studio Version 16
VisualStudioVersion = 16.0.31515.178
MinimumVisualStudioVersion = 10.0.40219.1
Project("{FAE04EC0-301F-11D3-BF4B-00C04F79EFBC}") = "VoidMethod_ConsoleApp", "VoidMethod_ConsoleApp\VoidMethod_ConsoleApp.csproj", "{5C0C4497-F687-4135-8B9F-D5DEB03D6F8B}"
EndProject
Global
	GlobalSection(SolutionConfigurationPlatforms) = preSolution
		Debug|Any CPU = Debug|Any CPU
		Release|Any CPU = Release|Any CPU
	EndGlobalSection
	GlobalSection(ProjectConfigurationPlatforms) = postSolution
		{5C0C4497-F687-4135-8B9F-D5DEB03D6F8B}.Debug|Any CPU.ActiveCfg = Debug|Any CPU
		{5C0C4497-F687-4135-8B9F-D5DEB03D6F8B}.Debug|Any CPU.Build.0 = Debug|Any CPU
		{5C0C4497-F687-4135-8B9F-D5DEB03D6F8B}.Release|Any CPU.ActiveCfg = Release|Any CPU
		{5C0C4497-F687-4135-8B9F-D5DEB03D6F8B}.Release|Any CPU.Build.0 = Release|Any CPU
	EndGlobalSection
	GlobalSection(SolutionProperties) = preSolution
		HideSolutionNode = FALSE
	EndGlobalSection
	GlobalSection(ExtensibilityGlobals) = postSolution
		SolutionGuid = {C9549E01-220D-4007-A196-7CA2C02D9139}
	EndGlobalSection
EndGlobal
