
Microsoft Visual Studio Solution File, Format Version 12.00
# Visual Studio Version 16
VisualStudioVersion = 16.0.31515.178
MinimumVisualStudioVersion = 10.0.40219.1
Project("{FAE04EC0-301F-11D3-BF4B-00C04F79EFBC}") = "MainMethodAssignment", "MainMethodAssignment\MainMethodAssignment.csproj", "{38E165FA-26C4-4047-9B4E-EFBF8C093611}"
EndProject
Global
	GlobalSection(SolutionConfigurationPlatforms) = preSolution
		Debug|Any CPU = Debug|Any CPU
		Release|Any CPU = Release|Any CPU
	EndGlobalSection
	GlobalSection(ProjectConfigurationPlatforms) = postSolution
		{38E165FA-26C4-4047-9B4E-EFBF8C093611}.Debug|Any CPU.ActiveCfg = Debug|Any CPU
		{38E165FA-26C4-4047-9B4E-EFBF8C093611}.Debug|Any CPU.Build.0 = Debug|Any CPU
		{38E165FA-26C4-4047-9B4E-EFBF8C093611}.Release|Any CPU.ActiveCfg = Release|Any CPU
		{38E165FA-26C4-4047-9B4E-EFBF8C093611}.Release|Any CPU.Build.0 = Release|Any CPU
	EndGlobalSection
	GlobalSection(SolutionProperties) = preSolution
		HideSolutionNode = FALSE
	EndGlobalSection
	GlobalSection(ExtensibilityGlobals) = postSolution
		SolutionGuid = {C52CA56C-80AD-4645-B44D-DB159E97A6D5}
	EndGlobalSection
EndGlobal
