
Microsoft Visual Studio Solution File, Format Version 12.00
# Visual Studio Version 16
VisualStudioVersion = 16.0.31515.178
MinimumVisualStudioVersion = 10.0.40219.1
Project("{FAE04EC0-301F-11D3-BF4B-00C04F79EFBC}") = "ConsoleInterface", "ConsoleInterface\ConsoleInterface.csproj", "{023E2F46-19F4-4574-A458-BCEC3913ACE3}"
EndProject
Global
	GlobalSection(SolutionConfigurationPlatforms) = preSolution
		Debug|Any CPU = Debug|Any CPU
		Release|Any CPU = Release|Any CPU
	EndGlobalSection
	GlobalSection(ProjectConfigurationPlatforms) = postSolution
		{023E2F46-19F4-4574-A458-BCEC3913ACE3}.Debug|Any CPU.ActiveCfg = Debug|Any CPU
		{023E2F46-19F4-4574-A458-BCEC3913ACE3}.Debug|Any CPU.Build.0 = Debug|Any CPU
		{023E2F46-19F4-4574-A458-BCEC3913ACE3}.Release|Any CPU.ActiveCfg = Release|Any CPU
		{023E2F46-19F4-4574-A458-BCEC3913ACE3}.Release|Any CPU.Build.0 = Release|Any CPU
	EndGlobalSection
	GlobalSection(SolutionProperties) = preSolution
		HideSolutionNode = FALSE
	EndGlobalSection
	GlobalSection(ExtensibilityGlobals) = postSolution
		SolutionGuid = {805A7E7C-C8F7-4FBE-8D91-4B4A19E65F3A}
	EndGlobalSection
EndGlobal
