
Microsoft Visual Studio Solution File, Format Version 12.00
# Visual Studio Version 16
VisualStudioVersion = 16.0.31515.178
MinimumVisualStudioVersion = 10.0.40219.1
Project("{FAE04EC0-301F-11D3-BF4B-00C04F79EFBC}") = "PackageExpress", "PackageExpress\PackageExpress.csproj", "{468A0EC2-1E52-4C59-92B1-C00BE1544081}"
EndProject
Global
	GlobalSection(SolutionConfigurationPlatforms) = preSolution
		Debug|Any CPU = Debug|Any CPU
		Release|Any CPU = Release|Any CPU
	EndGlobalSection
	GlobalSection(ProjectConfigurationPlatforms) = postSolution
		{468A0EC2-1E52-4C59-92B1-C00BE1544081}.Debug|Any CPU.ActiveCfg = Debug|Any CPU
		{468A0EC2-1E52-4C59-92B1-C00BE1544081}.Debug|Any CPU.Build.0 = Debug|Any CPU
		{468A0EC2-1E52-4C59-92B1-C00BE1544081}.Release|Any CPU.ActiveCfg = Release|Any CPU
		{468A0EC2-1E52-4C59-92B1-C00BE1544081}.Release|Any CPU.Build.0 = Release|Any CPU
	EndGlobalSection
	GlobalSection(SolutionProperties) = preSolution
		HideSolutionNode = FALSE
	EndGlobalSection
	GlobalSection(ExtensibilityGlobals) = postSolution
		SolutionGuid = {9AD0518B-756B-479E-9122-9FF7032F07FB}
	EndGlobalSection
EndGlobal
